
Microsoft Visual Studio Solution File, Format Version 12.00
# Visual Studio 14
VisualStudioVersion = 14.0.22310.1
MinimumVisualStudioVersion = 10.0.40219.1
Project("{2150E333-8FDC-42A3-9474-1A3956D46DE8}") = "Engine", "Engine", "{7992E167-4C15-48F5-A0F8-F36C910BE10A}"
EndProject
Project("{2150E333-8FDC-42A3-9474-1A3956D46DE8}") = "Games", "Games", "{53173EDD-D052-4CCE-AE39-A0932F71DD3F}"
EndProject
Project("{8BC9CEB8-8B4A-11D0-8D11-00A0C91BC942}") = "UE4", "Intermediate\ProjectFiles\UE4.vcxproj", "{1874998B-8AA7-4A26-98F5-CB2EDE440E44}"
EndProject
Project("{8BC9CEB8-8B4A-11D0-8D11-00A0C91BC942}") = "ElifBaGame", "Intermediate\ProjectFiles\ElifBaGame.vcxproj", "{BBB4A0F4-E7CA-4696-B2F0-C1486E066D85}"
EndProject
Global
	GlobalSection(SolutionConfigurationPlatforms) = preSolution
		DebugGame Editor|HTML5 = DebugGame Editor|HTML5
		DebugGame Editor|Win32 = DebugGame Editor|Win32
		DebugGame Editor|Win64 = DebugGame Editor|Win64
		DebugGame|HTML5 = DebugGame|HTML5
		DebugGame|Win32 = DebugGame|Win32
		DebugGame|Win64 = DebugGame|Win64
		Development Editor|HTML5 = Development Editor|HTML5
		Development Editor|Win32 = Development Editor|Win32
		Development Editor|Win64 = Development Editor|Win64
		Development|HTML5 = Development|HTML5
		Development|Win32 = Development|Win32
		Development|Win64 = Development|Win64
		Shipping|HTML5 = Shipping|HTML5
		Shipping|Win32 = Shipping|Win32
		Shipping|Win64 = Shipping|Win64
	EndGlobalSection
	GlobalSection(ProjectConfigurationPlatforms) = postSolution
		{BBB4A0F4-E7CA-4696-B2F0-C1486E066D85}.DebugGame Editor|HTML5.ActiveCfg = HTML5_DebugGame_Editor|Win32
		{BBB4A0F4-E7CA-4696-B2F0-C1486E066D85}.DebugGame Editor|Win32.ActiveCfg = DebugGame_Editor|Win32
		{BBB4A0F4-E7CA-4696-B2F0-C1486E066D85}.DebugGame Editor|Win64.ActiveCfg = DebugGame_Editor|x64
		{BBB4A0F4-E7CA-4696-B2F0-C1486E066D85}.DebugGame Editor|Win64.Build.0 = DebugGame_Editor|x64
		{BBB4A0F4-E7CA-4696-B2F0-C1486E066D85}.DebugGame|HTML5.ActiveCfg = HTML5_DebugGame_Game|Win32
		{BBB4A0F4-E7CA-4696-B2F0-C1486E066D85}.DebugGame|HTML5.Build.0 = HTML5_DebugGame_Game|Win32
		{BBB4A0F4-E7CA-4696-B2F0-C1486E066D85}.DebugGame|Win32.ActiveCfg = DebugGame_Game|Win32
		{BBB4A0F4-E7CA-4696-B2F0-C1486E066D85}.DebugGame|Win32.Build.0 = DebugGame_Game|Win32
		{BBB4A0F4-E7CA-4696-B2F0-C1486E066D85}.DebugGame|Win64.ActiveCfg = DebugGame_Game|x64
		{BBB4A0F4-E7CA-4696-B2F0-C1486E066D85}.DebugGame|Win64.Build.0 = DebugGame_Game|x64
		{BBB4A0F4-E7CA-4696-B2F0-C1486E066D85}.Development Editor|HTML5.ActiveCfg = HTML5_Development_Editor|Win32
		{BBB4A0F4-E7CA-4696-B2F0-C1486E066D85}.Development Editor|Win32.ActiveCfg = Development_Editor|Win32
		{BBB4A0F4-E7CA-4696-B2F0-C1486E066D85}.Development Editor|Win64.ActiveCfg = Development_Editor|x64
		{BBB4A0F4-E7CA-4696-B2F0-C1486E066D85}.Development Editor|Win64.Build.0 = Development_Editor|x64
		{BBB4A0F4-E7CA-4696-B2F0-C1486E066D85}.Development|HTML5.ActiveCfg = HTML5_Development_Game|Win32
		{BBB4A0F4-E7CA-4696-B2F0-C1486E066D85}.Development|HTML5.Build.0 = HTML5_Development_Game|Win32
		{BBB4A0F4-E7CA-4696-B2F0-C1486E066D85}.Development|Win32.ActiveCfg = Development_Game|Win32
		{BBB4A0F4-E7CA-4696-B2F0-C1486E066D85}.Development|Win32.Build.0 = Development_Game|Win32
		{BBB4A0F4-E7CA-4696-B2F0-C1486E066D85}.Development|Win64.ActiveCfg = Development_Game|x64
		{BBB4A0F4-E7CA-4696-B2F0-C1486E066D85}.Development|Win64.Build.0 = Development_Game|x64
		{BBB4A0F4-E7CA-4696-B2F0-C1486E066D85}.Shipping|HTML5.ActiveCfg = HTML5_Shipping_Game|Win32
		{BBB4A0F4-E7CA-4696-B2F0-C1486E066D85}.Shipping|HTML5.Build.0 = HTML5_Shipping_Game|Win32
		{BBB4A0F4-E7CA-4696-B2F0-C1486E066D85}.Shipping|Win32.ActiveCfg = Shipping_Game|Win32
		{BBB4A0F4-E7CA-4696-B2F0-C1486E066D85}.Shipping|Win32.Build.0 = Shipping_Game|Win32
		{BBB4A0F4-E7CA-4696-B2F0-C1486E066D85}.Shipping|Win64.ActiveCfg = Shipping_Game|x64
		{BBB4A0F4-E7CA-4696-B2F0-C1486E066D85}.Shipping|Win64.Build.0 = Shipping_Game|x64
	EndGlobalSection
	GlobalSection(SolutionProperties) = preSolution
		HideSolutionNode = FALSE
	EndGlobalSection
	GlobalSection(NestedProjects) = preSolution
		{1874998B-8AA7-4A26-98F5-CB2EDE440E44} = {7992E167-4C15-48F5-A0F8-F36C910BE10A}
		{BBB4A0F4-E7CA-4696-B2F0-C1486E066D85} = {53173EDD-D052-4CCE-AE39-A0932F71DD3F}
	EndGlobalSection
EndGlobal
